// !$*UTF8*$!
{
	archiveVersion = 1;
	classes = {
	};
	objectVersion = 55;
	objects = {

/* Begin PBXBuildFile section */
		8B15588B28C63E7700FC0C43 /* DevelopersApp.swift in Sources */ = {isa = PBXBuildFile; fileRef = 8B15588A28C63E7700FC0C43 /* DevelopersApp.swift */; };
		8B15588D28C63E7700FC0C43 /* ContentView.swift in Sources */ = {isa = PBXBuildFile; fileRef = 8B15588C28C63E7700FC0C43 /* ContentView.swift */; };
		8B15588F28C63E7B00FC0C43 /* Assets.xcassets in Resources */ = {isa = PBXBuildFile; fileRef = 8B15588E28C63E7B00FC0C43 /* Assets.xcassets */; };
		8B15589228C63E7B00FC0C43 /* Preview Assets.xcassets in Resources */ = {isa = PBXBuildFile; fileRef = 8B15589128C63E7B00FC0C43 /* Preview Assets.xcassets */; };
		8B15589C28C63FE200FC0C43 /* sound-chime.mp3 in Resources */ = {isa = PBXBuildFile; fileRef = 8B15589B28C63FE200FC0C43 /* sound-chime.mp3 */; };
		8B15589F28C644D200FC0C43 /* CardView.swift in Sources */ = {isa = PBXBuildFile; fileRef = 8B15589E28C644D200FC0C43 /* CardView.swift */; };
		8B1558A228C64A2500FC0C43 /* CardModel.swift in Sources */ = {isa = PBXBuildFile; fileRef = 8B1558A128C64A2500FC0C43 /* CardModel.swift */; };
		8B1558A428C64AA100FC0C43 /* CardData.swift in Sources */ = {isa = PBXBuildFile; fileRef = 8B1558A328C64AA100FC0C43 /* CardData.swift */; };
		8B1558A828C64CAA00FC0C43 /* SoundPlayer.swift in Sources */ = {isa = PBXBuildFile; fileRef = 8B1558A728C64CAA00FC0C43 /* SoundPlayer.swift */; };
		8B1558AA28C64EF100FC0C43 /* Constants.swift in Sources */ = {isa = PBXBuildFile; fileRef = 8B1558A928C64EF100FC0C43 /* Constants.swift */; };
		8B1558B028C651F600FC0C43 /* Stickers.xcassets in Resources */ = {isa = PBXBuildFile; fileRef = 8B1558AF28C651F600FC0C43 /* Stickers.xcassets */; };
		8B1558B428C651F600FC0C43 /* Stickers.appex in Embed App Extensions */ = {isa = PBXBuildFile; fileRef = 8B1558AD28C651F400FC0C43 /* Stickers.appex */; settings = {ATTRIBUTES = (RemoveHeadersOnCopy, ); }; };
/* End PBXBuildFile section */

/* Begin PBXContainerItemProxy section */
		8B1558B228C651F600FC0C43 /* PBXContainerItemProxy */ = {
			isa = PBXContainerItemProxy;
			containerPortal = 8B15587F28C63E7700FC0C43 /* Project object */;
			proxyType = 1;
			remoteGlobalIDString = 8B1558AC28C651F400FC0C43;
			remoteInfo = Stickers;
		};
/* End PBXContainerItemProxy section */

/* Begin PBXCopyFilesBuildPhase section */
		8B1558B828C651F600FC0C43 /* Embed App Extensions */ = {
			isa = PBXCopyFilesBuildPhase;
			buildActionMask = 2147483647;
			dstPath = "";
			dstSubfolderSpec = 13;
			files = (
				8B1558B428C651F600FC0C43 /* Stickers.appex in Embed App Extensions */,
			);
			name = "Embed App Extensions";
			runOnlyForDeploymentPostprocessing = 0;
		};
/* End PBXCopyFilesBuildPhase section */

/* Begin PBXFileReference section */
		8B15588728C63E7700FC0C43 /* Developers.app */ = {isa = PBXFileReference; explicitFileType = wrapper.application; includeInIndex = 0; path = Developers.app; sourceTree = BUILT_PRODUCTS_DIR; };
		8B15588A28C63E7700FC0C43 /* DevelopersApp.swift */ = {isa = PBXFileReference; lastKnownFileType = sourcecode.swift; path = DevelopersApp.swift; sourceTree = "<group>"; };
		8B15588C28C63E7700FC0C43 /* ContentView.swift */ = {isa = PBXFileReference; lastKnownFileType = sourcecode.swift; path = ContentView.swift; sourceTree = "<group>"; };
		8B15588E28C63E7B00FC0C43 /* Assets.xcassets */ = {isa = PBXFileReference; lastKnownFileType = folder.assetcatalog; path = Assets.xcassets; sourceTree = "<group>"; };
		8B15589128C63E7B00FC0C43 /* Preview Assets.xcassets */ = {isa = PBXFileReference; lastKnownFileType = folder.assetcatalog; path = "Preview Assets.xcassets"; sourceTree = "<group>"; };
		8B15589B28C63FE200FC0C43 /* sound-chime.mp3 */ = {isa = PBXFileReference; lastKnownFileType = audio.mp3; path = "sound-chime.mp3"; sourceTree = "<group>"; };
		8B15589D28C6424800FC0C43 /* Info.plist */ = {isa = PBXFileReference; lastKnownFileType = text.plist; path = Info.plist; sourceTree = "<group>"; };
		8B15589E28C644D200FC0C43 /* CardView.swift */ = {isa = PBXFileReference; lastKnownFileType = sourcecode.swift; path = CardView.swift; sourceTree = "<group>"; };
		8B1558A128C64A2500FC0C43 /* CardModel.swift */ = {isa = PBXFileReference; lastKnownFileType = sourcecode.swift; path = CardModel.swift; sourceTree = "<group>"; };
		8B1558A328C64AA100FC0C43 /* CardData.swift */ = {isa = PBXFileReference; lastKnownFileType = sourcecode.swift; path = CardData.swift; sourceTree = "<group>"; };
		8B1558A728C64CAA00FC0C43 /* SoundPlayer.swift */ = {isa = PBXFileReference; lastKnownFileType = sourcecode.swift; path = SoundPlayer.swift; sourceTree = "<group>"; };
		8B1558A928C64EF100FC0C43 /* Constants.swift */ = {isa = PBXFileReference; lastKnownFileType = sourcecode.swift; path = Constants.swift; sourceTree = "<group>"; };
		8B1558AD28C651F400FC0C43 /* Stickers.appex */ = {isa = PBXFileReference; explicitFileType = "wrapper.app-extension"; includeInIndex = 0; path = Stickers.appex; sourceTree = BUILT_PRODUCTS_DIR; };
		8B1558AF28C651F600FC0C43 /* Stickers.xcassets */ = {isa = PBXFileReference; lastKnownFileType = folder.assetcatalog; path = Stickers.xcassets; sourceTree = "<group>"; };
		8B1558B128C651F600FC0C43 /* Info.plist */ = {isa = PBXFileReference; lastKnownFileType = text.plist.xml; path = Info.plist; sourceTree = "<group>"; };
/* End PBXFileReference section */

/* Begin PBXFrameworksBuildPhase section */
		8B15588428C63E7700FC0C43 /* Frameworks */ = {
			isa = PBXFrameworksBuildPhase;
			buildActionMask = 2147483647;
			files = (
			);
			runOnlyForDeploymentPostprocessing = 0;
		};
/* End PBXFrameworksBuildPhase section */

/* Begin PBXGroup section */
		8B15587E28C63E7700FC0C43 = {
			isa = PBXGroup;
			children = (
				8B15588928C63E7700FC0C43 /* Developers */,
				8B1558AE28C651F400FC0C43 /* Stickers */,
				8B15588828C63E7700FC0C43 /* Products */,
			);
			sourceTree = "<group>";
		};
		8B15588828C63E7700FC0C43 /* Products */ = {
			isa = PBXGroup;
			children = (
				8B15588728C63E7700FC0C43 /* Developers.app */,
				8B1558AD28C651F400FC0C43 /* Stickers.appex */,
			);
			name = Products;
			sourceTree = "<group>";
		};
		8B15588928C63E7700FC0C43 /* Developers */ = {
			isa = PBXGroup;
			children = (
				8B15589D28C6424800FC0C43 /* Info.plist */,
				8B15588A28C63E7700FC0C43 /* DevelopersApp.swift */,
				8B15589828C63EFF00FC0C43 /* Presentation */,
				8B1558A528C64AA700FC0C43 /* Domain */,
				8B1558A028C64A1300FC0C43 /* Data */,
				8B15589028C63E7B00FC0C43 /* Preview Content */,
			);
			path = Developers;
			sourceTree = "<group>";
		};
		8B15589028C63E7B00FC0C43 /* Preview Content */ = {
			isa = PBXGroup;
			children = (
				8B15589128C63E7B00FC0C43 /* Preview Assets.xcassets */,
			);
			path = "Preview Content";
			sourceTree = "<group>";
		};
		8B15589828C63EFF00FC0C43 /* Presentation */ = {
			isa = PBXGroup;
			children = (
				8B1558A628C64C9E00FC0C43 /* Utility */,
				8B15589A28C63F0B00FC0C43 /* Views */,
				8B15589928C63F0400FC0C43 /* Resources */,
			);
			path = Presentation;
			sourceTree = "<group>";
		};
		8B15589928C63F0400FC0C43 /* Resources */ = {
			isa = PBXGroup;
			children = (
				8B15588E28C63E7B00FC0C43 /* Assets.xcassets */,
				8B15589B28C63FE200FC0C43 /* sound-chime.mp3 */,
			);
			path = Resources;
			sourceTree = "<group>";
		};
		8B15589A28C63F0B00FC0C43 /* Views */ = {
			isa = PBXGroup;
			children = (
				8B15588C28C63E7700FC0C43 /* ContentView.swift */,
				8B15589E28C644D200FC0C43 /* CardView.swift */,
			);
			path = Views;
			sourceTree = "<group>";
		};
		8B1558A028C64A1300FC0C43 /* Data */ = {
			isa = PBXGroup;
			children = (
				8B1558A328C64AA100FC0C43 /* CardData.swift */,
			);
			path = Data;
			sourceTree = "<group>";
		};
		8B1558A528C64AA700FC0C43 /* Domain */ = {
			isa = PBXGroup;
			children = (
				8B1558A128C64A2500FC0C43 /* CardModel.swift */,
			);
			path = Domain;
			sourceTree = "<group>";
		};
		8B1558A628C64C9E00FC0C43 /* Utility */ = {
			isa = PBXGroup;
			children = (
				8B1558A728C64CAA00FC0C43 /* SoundPlayer.swift */,
				8B1558A928C64EF100FC0C43 /* Constants.swift */,
			);
			path = Utility;
			sourceTree = "<group>";
		};
		8B1558AE28C651F400FC0C43 /* Stickers */ = {
			isa = PBXGroup;
			children = (
				8B1558AF28C651F600FC0C43 /* Stickers.xcassets */,
				8B1558B128C651F600FC0C43 /* Info.plist */,
			);
			path = Stickers;
			sourceTree = "<group>";
		};
/* End PBXGroup section */

/* Begin PBXNativeTarget section */
		8B15588628C63E7700FC0C43 /* Developers */ = {
			isa = PBXNativeTarget;
			buildConfigurationList = 8B15589528C63E7B00FC0C43 /* Build configuration list for PBXNativeTarget "Developers" */;
			buildPhases = (
				8B15588328C63E7700FC0C43 /* Sources */,
				8B15588428C63E7700FC0C43 /* Frameworks */,
				8B15588528C63E7700FC0C43 /* Resources */,
				8B1558B828C651F600FC0C43 /* Embed App Extensions */,
			);
			buildRules = (
			);
			dependencies = (
				8B1558B328C651F600FC0C43 /* PBXTargetDependency */,
			);
			name = Developers;
			productName = Developers;
			productReference = 8B15588728C63E7700FC0C43 /* Developers.app */;
			productType = "com.apple.product-type.application";
		};
		8B1558AC28C651F400FC0C43 /* Stickers */ = {
			isa = PBXNativeTarget;
			buildConfigurationList = 8B1558B528C651F600FC0C43 /* Build configuration list for PBXNativeTarget "Stickers" */;
			buildPhases = (
				8B1558AB28C651F400FC0C43 /* Resources */,
			);
			buildRules = (
			);
			dependencies = (
			);
			name = Stickers;
			productName = Stickers;
			productReference = 8B1558AD28C651F400FC0C43 /* Stickers.appex */;
			productType = "com.apple.product-type.app-extension.messages-sticker-pack";
		};
/* End PBXNativeTarget section */

/* Begin PBXProject section */
		8B15587F28C63E7700FC0C43 /* Project object */ = {
			isa = PBXProject;
			attributes = {
				BuildIndependentTargetsInParallel = 1;
				LastSwiftUpdateCheck = 1340;
				LastUpgradeCheck = 1340;
				TargetAttributes = {
					8B15588628C63E7700FC0C43 = {
						CreatedOnToolsVersion = 13.4.1;
					};
					8B1558AC28C651F400FC0C43 = {
						CreatedOnToolsVersion = 13.4.1;
					};
				};
			};
			buildConfigurationList = 8B15588228C63E7700FC0C43 /* Build configuration list for PBXProject "Developers" */;
			compatibilityVersion = "Xcode 13.0";
			developmentRegion = en;
			hasScannedForEncodings = 0;
			knownRegions = (
				en,
				Base,
			);
			mainGroup = 8B15587E28C63E7700FC0C43;
			productRefGroup = 8B15588828C63E7700FC0C43 /* Products */;
			projectDirPath = "";
			projectRoot = "";
			targets = (
				8B15588628C63E7700FC0C43 /* Developers */,
				8B1558AC28C651F400FC0C43 /* Stickers */,
			);
		};
/* End PBXProject section */

/* Begin PBXResourcesBuildPhase section */
		8B15588528C63E7700FC0C43 /* Resources */ = {
			isa = PBXResourcesBuildPhase;
			buildActionMask = 2147483647;
			files = (
				8B15589228C63E7B00FC0C43 /* Preview Assets.xcassets in Resources */,
				8B15589C28C63FE200FC0C43 /* sound-chime.mp3 in Resources */,
				8B15588F28C63E7B00FC0C43 /* Assets.xcassets in Resources */,
			);
			runOnlyForDeploymentPostprocessing = 0;
		};
		8B1558AB28C651F400FC0C43 /* Resources */ = {
			isa = PBXResourcesBuildPhase;
			buildActionMask = 2147483647;
			files = (
				8B1558B028C651F600FC0C43 /* Stickers.xcassets in Resources */,
			);
			runOnlyForDeploymentPostprocessing = 0;
		};
/* End PBXResourcesBuildPhase section */

/* Begin PBXSourcesBuildPhase section */
		8B15588328C63E7700FC0C43 /* Sources */ = {
			isa = PBXSourcesBuildPhase;
			buildActionMask = 2147483647;
			files = (
				8B1558A428C64AA100FC0C43 /* CardData.swift in Sources */,
				8B15588D28C63E7700FC0C43 /* ContentView.swift in Sources */,
				8B1558A228C64A2500FC0C43 /* CardModel.swift in Sources */,
				8B15589F28C644D200FC0C43 /* CardView.swift in Sources */,
				8B1558AA28C64EF100FC0C43 /* Constants.swift in Sources */,
				8B1558A828C64CAA00FC0C43 /* SoundPlayer.swift in Sources */,
				8B15588B28C63E7700FC0C43 /* DevelopersApp.swift in Sources */,
			);
			runOnlyForDeploymentPostprocessing = 0;
		};
/* End PBXSourcesBuildPhase section */

/* Begin PBXTargetDependency section */
		8B1558B328C651F600FC0C43 /* PBXTargetDependency */ = {
			isa = PBXTargetDependency;
			target = 8B1558AC28C651F400FC0C43 /* Stickers */;
			targetProxy = 8B1558B228C651F600FC0C43 /* PBXContainerItemProxy */;
		};
/* End PBXTargetDependency section */

/* Begin XCBuildConfiguration section */
		8B15589328C63E7B00FC0C43 /* Debug */ = {
			isa = XCBuildConfiguration;
			buildSettings = {
				ALWAYS_SEARCH_USER_PATHS = NO;
				CLANG_ANALYZER_NONNULL = YES;
				CLANG_ANALYZER_NUMBER_OBJECT_CONVERSION = YES_AGGRESSIVE;
				CLANG_CXX_LANGUAGE_STANDARD = "gnu++17";
				CLANG_ENABLE_MODULES = YES;
				CLANG_ENABLE_OBJC_ARC = YES;
				CLANG_ENABLE_OBJC_WEAK = YES;
				CLANG_WARN_BLOCK_CAPTURE_AUTORELEASING = YES;
				CLANG_WARN_BOOL_CONVERSION = YES;
				CLANG_WARN_COMMA = YES;
				CLANG_WARN_CONSTANT_CONVERSION = YES;
				CLANG_WARN_DEPRECATED_OBJC_IMPLEMENTATIONS = YES;
				CLANG_WARN_DIRECT_OBJC_ISA_USAGE = YES_ERROR;
				CLANG_WARN_DOCUMENTATION_COMMENTS = YES;
				CLANG_WARN_EMPTY_BODY = YES;
				CLANG_WARN_ENUM_CONVERSION = YES;
				CLANG_WARN_INFINITE_RECURSION = YES;
				CLANG_WARN_INT_CONVERSION = YES;
				CLANG_WARN_NON_LITERAL_NULL_CONVERSION = YES;
				CLANG_WARN_OBJC_IMPLICIT_RETAIN_SELF = YES;
				CLANG_WARN_OBJC_LITERAL_CONVERSION = YES;
				CLANG_WARN_OBJC_ROOT_CLASS = YES_ERROR;
				CLANG_WARN_QUOTED_INCLUDE_IN_FRAMEWORK_HEADER = YES;
				CLANG_WARN_RANGE_LOOP_ANALYSIS = YES;
				CLANG_WARN_STRICT_PROTOTYPES = YES;
				CLANG_WARN_SUSPICIOUS_MOVE = YES;
				CLANG_WARN_UNGUARDED_AVAILABILITY = YES_AGGRESSIVE;
				CLANG_WARN_UNREACHABLE_CODE = YES;
				CLANG_WARN__DUPLICATE_METHOD_MATCH = YES;
				COPY_PHASE_STRIP = NO;
				DEBUG_INFORMATION_FORMAT = dwarf;
				ENABLE_STRICT_OBJC_MSGSEND = YES;
				ENABLE_TESTABILITY = YES;
				GCC_C_LANGUAGE_STANDARD = gnu11;
				GCC_DYNAMIC_NO_PIC = NO;
				GCC_NO_COMMON_BLOCKS = YES;
				GCC_OPTIMIZATION_LEVEL = 0;
				GCC_PREPROCESSOR_DEFINITIONS = (
					"DEBUG=1",
					"$(inherited)",
				);
				GCC_WARN_64_TO_32_BIT_CONVERSION = YES;
				GCC_WARN_ABOUT_RETURN_TYPE = YES_ERROR;
				GCC_WARN_UNDECLARED_SELECTOR = YES;
				GCC_WARN_UNINITIALIZED_AUTOS = YES_AGGRESSIVE;
				GCC_WARN_UNUSED_FUNCTION = YES;
				GCC_WARN_UNUSED_VARIABLE = YES;
				IPHONEOS_DEPLOYMENT_TARGET = 15.5;
				MTL_ENABLE_DEBUG_INFO = INCLUDE_SOURCE;
				MTL_FAST_MATH = YES;
				ONLY_ACTIVE_ARCH = YES;
				SDKROOT = iphoneos;
				SWIFT_ACTIVE_COMPILATION_CONDITIONS = DEBUG;
				SWIFT_OPTIMIZATION_LEVEL = "-Onone";
			};
			name = Debug;
		};
		8B15589428C63E7B00FC0C43 /* Release */ = {
			isa = XCBuildConfiguration;
			buildSettings = {
				ALWAYS_SEARCH_USER_PATHS = NO;
				CLANG_ANALYZER_NONNULL = YES;
				CLANG_ANALYZER_NUMBER_OBJECT_CONVERSION = YES_AGGRESSIVE;
				CLANG_CXX_LANGUAGE_STANDARD = "gnu++17";
				CLANG_ENABLE_MODULES = YES;
				CLANG_ENABLE_OBJC_ARC = YES;
				CLANG_ENABLE_OBJC_WEAK = YES;
				CLANG_WARN_BLOCK_CAPTURE_AUTORELEASING = YES;
				CLANG_WARN_BOOL_CONVERSION = YES;
				CLANG_WARN_COMMA = YES;
				CLANG_WARN_CONSTANT_CONVERSION = YES;
				CLANG_WARN_DEPRECATED_OBJC_IMPLEMENTATIONS = YES;
				CLANG_WARN_DIRECT_OBJC_ISA_USAGE = YES_ERROR;
				CLANG_WARN_DOCUMENTATION_COMMENTS = YES;
				CLANG_WARN_EMPTY_BODY = YES;
				CLANG_WARN_ENUM_CONVERSION = YES;
				CLANG_WARN_INFINITE_RECURSION = YES;
				CLANG_WARN_INT_CONVERSION = YES;
				CLANG_WARN_NON_LITERAL_NULL_CONVERSION = YES;
				CLANG_WARN_OBJC_IMPLICIT_RETAIN_SELF = YES;
				CLANG_WARN_OBJC_LITERAL_CONVERSION = YES;
				CLANG_WARN_OBJC_ROOT_CLASS = YES_ERROR;
				CLANG_WARN_QUOTED_INCLUDE_IN_FRAMEWORK_HEADER = YES;
				CLANG_WARN_RANGE_LOOP_ANALYSIS = YES;
				CLANG_WARN_STRICT_PROTOTYPES = YES;
				CLANG_WARN_SUSPICIOUS_MOVE = YES;
				CLANG_WARN_UNGUARDED_AVAILABILITY = YES_AGGRESSIVE;
				CLANG_WARN_UNREACHABLE_CODE = YES;
				CLANG_WARN__DUPLICATE_METHOD_MATCH = YES;
				COPY_PHASE_STRIP = NO;
				DEBUG_INFORMATION_FORMAT = "dwarf-with-dsym";
				ENABLE_NS_ASSERTIONS = NO;
				ENABLE_STRICT_OBJC_MSGSEND = YES;
				GCC_C_LANGUAGE_STANDARD = gnu11;
				GCC_NO_COMMON_BLOCKS = YES;
				GCC_WARN_64_TO_32_BIT_CONVERSION = YES;
				GCC_WARN_ABOUT_RETURN_TYPE = YES_ERROR;
				GCC_WARN_UNDECLARED_SELECTOR = YES;
				GCC_WARN_UNINITIALIZED_AUTOS = YES_AGGRESSIVE;
				GCC_WARN_UNUSED_FUNCTION = YES;
				GCC_WARN_UNUSED_VARIABLE = YES;
				IPHONEOS_DEPLOYMENT_TARGET = 15.5;
				MTL_ENABLE_DEBUG_INFO = NO;
				MTL_FAST_MATH = YES;
				SDKROOT = iphoneos;
				SWIFT_COMPILATION_MODE = wholemodule;
				SWIFT_OPTIMIZATION_LEVEL = "-O";
				VALIDATE_PRODUCT = YES;
			};
			name = Release;
		};
		8B15589628C63E7B00FC0C43 /* Debug */ = {
			isa = XCBuildConfiguration;
			buildSettings = {
				ASSETCATALOG_COMPILER_APPICON_NAME = AppIcon;
				ASSETCATALOG_COMPILER_GLOBAL_ACCENT_COLOR_NAME = AccentColor;
				CODE_SIGN_STYLE = Automatic;
				CURRENT_PROJECT_VERSION = 1;
				DEVELOPMENT_ASSET_PATHS = "\"Developers/Preview Content\"";
				DEVELOPMENT_TEAM = VQ6DKJUV35;
				ENABLE_PREVIEWS = YES;
				GENERATE_INFOPLIST_FILE = YES;
				INFOPLIST_FILE = Developers/Info.plist;
				INFOPLIST_KEY_UIApplicationSceneManifest_Generation = YES;
				INFOPLIST_KEY_UIApplicationSupportsIndirectInputEvents = YES;
				INFOPLIST_KEY_UISupportedInterfaceOrientations_iPad = "UIInterfaceOrientationPortrait UIInterfaceOrientationPortraitUpsideDown UIInterfaceOrientationLandscapeLeft UIInterfaceOrientationLandscapeRight";
				INFOPLIST_KEY_UISupportedInterfaceOrientations_iPhone = "UIInterfaceOrientationPortrait UIInterfaceOrientationLandscapeLeft UIInterfaceOrientationLandscapeRight";
				LD_RUNPATH_SEARCH_PATHS = (
					"$(inherited)",
					"@executable_path/Frameworks",
				);
				MARKETING_VERSION = 1.0;
				PRODUCT_BUNDLE_IDENTIFIER = farvalho.Developers;
				PRODUCT_NAME = "$(TARGET_NAME)";
				SWIFT_EMIT_LOC_STRINGS = YES;
				SWIFT_VERSION = 5.0;
				TARGETED_DEVICE_FAMILY = "1,2";
			};
			name = Debug;
		};
		8B15589728C63E7B00FC0C43 /* Release */ = {
			isa = XCBuildConfiguration;
			buildSettings = {
				ASSETCATALOG_COMPILER_APPICON_NAME = AppIcon;
				ASSETCATALOG_COMPILER_GLOBAL_ACCENT_COLOR_NAME = AccentColor;
				CODE_SIGN_STYLE = Automatic;
				CURRENT_PROJECT_VERSION = 1;
				DEVELOPMENT_ASSET_PATHS = "\"Developers/Preview Content\"";
				DEVELOPMENT_TEAM = VQ6DKJUV35;
				ENABLE_PREVIEWS = YES;
				GENERATE_INFOPLIST_FILE = YES;
				INFOPLIST_FILE = Developers/Info.plist;
				INFOPLIST_KEY_UIApplicationSceneManifest_Generation = YES;
				INFOPLIST_KEY_UIApplicationSupportsIndirectInputEvents = YES;
				INFOPLIST_KEY_UISupportedInterfaceOrientations_iPad = "UIInterfaceOrientationPortrait UIInterfaceOrientationPortraitUpsideDown UIInterfaceOrientationLandscapeLeft UIInterfaceOrientationLandscapeRight";
				INFOPLIST_KEY_UISupportedInterfaceOrientations_iPhone = "UIInterfaceOrientationPortrait UIInterfaceOrientationLandscapeLeft UIInterfaceOrientationLandscapeRight";
				LD_RUNPATH_SEARCH_PATHS = (
					"$(inherited)",
					"@executable_path/Frameworks",
				);
				MARKETING_VERSION = 1.0;
				PRODUCT_BUNDLE_IDENTIFIER = farvalho.Developers;
				PRODUCT_NAME = "$(TARGET_NAME)";
				SWIFT_EMIT_LOC_STRINGS = YES;
				SWIFT_VERSION = 5.0;
				TARGETED_DEVICE_FAMILY = "1,2";
			};
			name = Release;
		};
		8B1558B628C651F600FC0C43 /* Debug */ = {
			isa = XCBuildConfiguration;
			buildSettings = {
				ASSETCATALOG_COMPILER_APPICON_NAME = "iMessage App Icon";
				CODE_SIGN_STYLE = Automatic;
				CURRENT_PROJECT_VERSION = 1;
				DEVELOPMENT_TEAM = VQ6DKJUV35;
				GENERATE_INFOPLIST_FILE = YES;
				INFOPLIST_FILE = Stickers/Info.plist;
				INFOPLIST_KEY_CFBundleDisplayName = Developers;
				IPHONEOS_DEPLOYMENT_TARGET = 10.0;
				MARKETING_VERSION = 1.0;
				PRODUCT_BUNDLE_IDENTIFIER = farvalho.Developers.Stickers;
				PRODUCT_NAME = "$(TARGET_NAME)";
				SKIP_INSTALL = YES;
				SWIFT_EMIT_LOC_STRINGS = YES;
				TARGETED_DEVICE_FAMILY = "1,2";
			};
			name = Debug;
		};
		8B1558B728C651F600FC0C43 /* Release */ = {
			isa = XCBuildConfiguration;
			buildSettings = {
				ASSETCATALOG_COMPILER_APPICON_NAME = "iMessage App Icon";
				CODE_SIGN_STYLE = Automatic;
				CURRENT_PROJECT_VERSION = 1;
				DEVELOPMENT_TEAM = VQ6DKJUV35;
				GENERATE_INFOPLIST_FILE = YES;
				INFOPLIST_FILE = Stickers/Info.plist;
				INFOPLIST_KEY_CFBundleDisplayName = Developers;
				IPHONEOS_DEPLOYMENT_TARGET = 10.0;
				MARKETING_VERSION = 1.0;
				PRODUCT_BUNDLE_IDENTIFIER = farvalho.Developers.Stickers;
				PRODUCT_NAME = "$(TARGET_NAME)";
				SKIP_INSTALL = YES;
				SWIFT_EMIT_LOC_STRINGS = YES;
				TARGETED_DEVICE_FAMILY = "1,2";
			};
			name = Release;
		};
/* End XCBuildConfiguration section */

/* Begin XCConfigurationList section */
		8B15588228C63E7700FC0C43 /* Build configuration list for PBXProject "Developers" */ = {
			isa = XCConfigurationList;
			buildConfigurations = (
				8B15589328C63E7B00FC0C43 /* Debug */,
				8B15589428C63E7B00FC0C43 /* Release */,
			);
			defaultConfigurationIsVisible = 0;
			defaultConfigurationName = Release;
		};
		8B15589528C63E7B00FC0C43 /* Build configuration list for PBXNativeTarget "Developers" */ = {
			isa = XCConfigurationList;
			buildConfigurations = (
				8B15589628C63E7B00FC0C43 /* Debug */,
				8B15589728C63E7B00FC0C43 /* Release */,
			);
			defaultConfigurationIsVisible = 0;
			defaultConfigurationName = Release;
		};
		8B1558B528C651F600FC0C43 /* Build configuration list for PBXNativeTarget "Stickers" */ = {
			isa = XCConfigurationList;
			buildConfigurations = (
				8B1558B628C651F600FC0C43 /* Debug */,
				8B1558B728C651F600FC0C43 /* Release */,
			);
			defaultConfigurationIsVisible = 0;
			defaultConfigurationName = Release;
		};
/* End XCConfigurationList section */
	};
	rootObject = 8B15587F28C63E7700FC0C43 /* Project object */;
}
